
Microsoft Visual Studio Solution File, Format Version 12.00
# Visual Studio Version 17
VisualStudioVersion = 17.3.32929.385
MinimumVisualStudioVersion = 10.0.40219.1
Project("{FAE04EC0-301F-11D3-BF4B-00C04F79EFBC}") = "ExCollection.App", "ExCollection.App\ExCollection.App.csproj", "{7B4156D9-1654-4E84-84F0-95382E79463F}"
EndProject
Global
	GlobalSection(SolutionConfigurationPlatforms) = preSolution
		Debug|Any CPU = Debug|Any CPU
		Release|Any CPU = Release|Any CPU
	EndGlobalSection
	GlobalSection(ProjectConfigurationPlatforms) = postSolution
		{7B4156D9-1654-4E84-84F0-95382E79463F}.Debug|Any CPU.ActiveCfg = Debug|Any CPU
		{7B4156D9-1654-4E84-84F0-95382E79463F}.Debug|Any CPU.Build.0 = Debug|Any CPU
		{7B4156D9-1654-4E84-84F0-95382E79463F}.Release|Any CPU.ActiveCfg = Release|Any CPU
		{7B4156D9-1654-4E84-84F0-95382E79463F}.Release|Any CPU.Build.0 = Release|Any CPU
	EndGlobalSection
	GlobalSection(SolutionProperties) = preSolution
		HideSolutionNode = FALSE
	EndGlobalSection
	GlobalSection(ExtensibilityGlobals) = postSolution
		SolutionGuid = {E49702A0-B60D-4AE9-8604-B29FE02F7B08}
	EndGlobalSection
EndGlobal
